
Microsoft Visual Studio Solution File, Format Version 11.00
# Visual Studio 2010
Project("{F2A71F9B-5D33-465A-A702-920D77279786}") = "IntelliFactory.WebSharper.JQuery.Mobile", "IntelliFactory.WebSharper.JQuery.Mobile\IntelliFactory.WebSharper.JQuery.Mobile.fsproj", "{09FF3F57-1D1A-4537-AF3E-9B957DBD961E}"
EndProject
Project("{F2A71F9B-5D33-465A-A702-920D77279786}") = "IntelliFactory.WebSharper.JQuery.Mobile.Samples", "samples\IntelliFactory.WebSharper.JQuery.Mobile.Samples.fsproj", "{BB42AD3F-9110-4D95-A23F-36B4F2F900FA}"
EndProject
Project("{FAE04EC0-301F-11D3-BF4B-00C04F79EFBC}") = "IntelliFactory.WebSharper.JQuery.Mobile.Tests", "tests\IntelliFactory.WebSharper.JQuery.Mobile.Tests.csproj", "{F453CB86-F138-4F1B-A87B-93E1B587E16F}"
EndProject
Project("{2150E333-8FDC-42A3-9474-1A3956D46DE8}") = "Solution Items", "Solution Items", "{C59727C0-1252-49E7-8B30-793C934C8CCC}"
	ProjectSection(SolutionItems) = preProject
		ivy.xml = ivy.xml
	EndProjectSection
EndProject
Project("{F2A71F9B-5D33-465A-A702-920D77279786}") = "IntelliFactory.WebSharper.JQuery.Mobile.Documentation", "docs\IntelliFactory.WebSharper.JQuery.Mobile.Documentation.fsproj", "{DCEBE473-B8B8-4FAA-936B-28A6E76229F5}"
EndProject
Global
	GlobalSection(SolutionConfigurationPlatforms) = preSolution
		Debug|Any CPU = Debug|Any CPU
		Release|Any CPU = Release|Any CPU
	EndGlobalSection
	GlobalSection(ProjectConfigurationPlatforms) = postSolution
		{09FF3F57-1D1A-4537-AF3E-9B957DBD961E}.Debug|Any CPU.ActiveCfg = Debug|Any CPU
		{09FF3F57-1D1A-4537-AF3E-9B957DBD961E}.Debug|Any CPU.Build.0 = Debug|Any CPU
		{09FF3F57-1D1A-4537-AF3E-9B957DBD961E}.Release|Any CPU.ActiveCfg = Release|Any CPU
		{09FF3F57-1D1A-4537-AF3E-9B957DBD961E}.Release|Any CPU.Build.0 = Release|Any CPU
		{BB42AD3F-9110-4D95-A23F-36B4F2F900FA}.Debug|Any CPU.ActiveCfg = Debug|Any CPU
		{BB42AD3F-9110-4D95-A23F-36B4F2F900FA}.Release|Any CPU.ActiveCfg = Release|Any CPU
		{F453CB86-F138-4F1B-A87B-93E1B587E16F}.Debug|Any CPU.ActiveCfg = Debug|Any CPU
		{F453CB86-F138-4F1B-A87B-93E1B587E16F}.Release|Any CPU.ActiveCfg = Release|Any CPU
		{DCEBE473-B8B8-4FAA-936B-28A6E76229F5}.Debug|Any CPU.ActiveCfg = Debug|Any CPU
		{DCEBE473-B8B8-4FAA-936B-28A6E76229F5}.Debug|Any CPU.Build.0 = Debug|Any CPU
		{DCEBE473-B8B8-4FAA-936B-28A6E76229F5}.Release|Any CPU.ActiveCfg = Debug|Any CPU
		{DCEBE473-B8B8-4FAA-936B-28A6E76229F5}.Release|Any CPU.Build.0 = Debug|Any CPU
	EndGlobalSection
	GlobalSection(SolutionProperties) = preSolution
		HideSolutionNode = FALSE
	EndGlobalSection
EndGlobal
